
Microsoft Visual Studio Solution File, Format Version 12.00
# Visual Studio Version 16
VisualStudioVersion = 16.0.30804.86
MinimumVisualStudioVersion = 10.0.40219.1
Project("{9A19103F-16F7-4668-BE54-9A1E7A4F7556}") = "HelloClaptrap.Actors", "HelloClaptrap.Actors\HelloClaptrap.Actors.csproj", "{3298E22C-974D-460A-9557-78599670C7B7}"
EndProject
Project("{9A19103F-16F7-4668-BE54-9A1E7A4F7556}") = "HelloClaptrap.IActor", "HelloClaptrap.IActor\HelloClaptrap.IActor.csproj", "{8F20A5AD-FB03-4110-A396-7B3A41A42BDC}"
EndProject
Project("{9A19103F-16F7-4668-BE54-9A1E7A4F7556}") = "HelloClaptrap.Models", "HelloClaptrap.Models\HelloClaptrap.Models.csproj", "{60952E37-DE0A-4457-B602-779B21D24F16}"
EndProject
Project("{9A19103F-16F7-4668-BE54-9A1E7A4F7556}") = "HelloClaptrap.Actors.Tests", "HelloClaptrap.Actors.Tests\HelloClaptrap.Actors.Tests.csproj", "{6AE15739-FAD7-4604-884A-39FAB6525E63}"
EndProject
Project("{2150E333-8FDC-42A3-9474-1A3956D46DE8}") = "SolutionItems", "SolutionItems", "{D2B4C142-9AB2-4F2C-A465-716F8B1666D3}"
	ProjectSection(SolutionItems) = preProject
		Directory.Build.props = Directory.Build.props
		NuGet.config = NuGet.config
		tye.yaml = tye.yaml
	EndProjectSection
EndProject
Project("{2150E333-8FDC-42A3-9474-1A3956D46DE8}") = "0_Infrastructure", "0_Infrastructure", "{2A129827-5C4E-4B8E-9E41-3A39908692F8}"
EndProject
Project("{2150E333-8FDC-42A3-9474-1A3956D46DE8}") = "1_Business", "1_Business", "{6297D173-E3B1-4948-B8D3-E7346584FCB6}"
EndProject
Project("{2150E333-8FDC-42A3-9474-1A3956D46DE8}") = "2_Application", "2_Application", "{75014925-E70B-4A96-8F99-E90596F92299}"
EndProject
Project("{FAE04EC0-301F-11D3-BF4B-00C04F79EFBC}") = "HelloClaptrap.WebApi", "HelloClaptrap.WebApi\HelloClaptrap.WebApi.csproj", "{42AD2438-D8D2-4281-9186-73135A0C4488}"
EndProject
Project("{FAE04EC0-301F-11D3-BF4B-00C04F79EFBC}") = "HelloClaptrap.BackendServer", "HelloClaptrap.BackendServer\HelloClaptrap.BackendServer.csproj", "{E058903F-FBBA-430D-9294-91E94DE8B51B}"
EndProject
Global
	GlobalSection(SolutionConfigurationPlatforms) = preSolution
		Debug|Any CPU = Debug|Any CPU
		Release|Any CPU = Release|Any CPU
	EndGlobalSection
	GlobalSection(ProjectConfigurationPlatforms) = postSolution
		{3298E22C-974D-460A-9557-78599670C7B7}.Debug|Any CPU.ActiveCfg = Debug|Any CPU
		{3298E22C-974D-460A-9557-78599670C7B7}.Debug|Any CPU.Build.0 = Debug|Any CPU
		{3298E22C-974D-460A-9557-78599670C7B7}.Release|Any CPU.ActiveCfg = Release|Any CPU
		{3298E22C-974D-460A-9557-78599670C7B7}.Release|Any CPU.Build.0 = Release|Any CPU
		{8F20A5AD-FB03-4110-A396-7B3A41A42BDC}.Debug|Any CPU.ActiveCfg = Debug|Any CPU
		{8F20A5AD-FB03-4110-A396-7B3A41A42BDC}.Debug|Any CPU.Build.0 = Debug|Any CPU
		{8F20A5AD-FB03-4110-A396-7B3A41A42BDC}.Release|Any CPU.ActiveCfg = Release|Any CPU
		{8F20A5AD-FB03-4110-A396-7B3A41A42BDC}.Release|Any CPU.Build.0 = Release|Any CPU
		{60952E37-DE0A-4457-B602-779B21D24F16}.Debug|Any CPU.ActiveCfg = Debug|Any CPU
		{60952E37-DE0A-4457-B602-779B21D24F16}.Debug|Any CPU.Build.0 = Debug|Any CPU
		{60952E37-DE0A-4457-B602-779B21D24F16}.Release|Any CPU.ActiveCfg = Release|Any CPU
		{60952E37-DE0A-4457-B602-779B21D24F16}.Release|Any CPU.Build.0 = Release|Any CPU
		{6AE15739-FAD7-4604-884A-39FAB6525E63}.Debug|Any CPU.ActiveCfg = Debug|Any CPU
		{6AE15739-FAD7-4604-884A-39FAB6525E63}.Debug|Any CPU.Build.0 = Debug|Any CPU
		{6AE15739-FAD7-4604-884A-39FAB6525E63}.Release|Any CPU.ActiveCfg = Release|Any CPU
		{6AE15739-FAD7-4604-884A-39FAB6525E63}.Release|Any CPU.Build.0 = Release|Any CPU
		{42AD2438-D8D2-4281-9186-73135A0C4488}.Debug|Any CPU.ActiveCfg = Debug|Any CPU
		{42AD2438-D8D2-4281-9186-73135A0C4488}.Debug|Any CPU.Build.0 = Debug|Any CPU
		{42AD2438-D8D2-4281-9186-73135A0C4488}.Release|Any CPU.ActiveCfg = Release|Any CPU
		{42AD2438-D8D2-4281-9186-73135A0C4488}.Release|Any CPU.Build.0 = Release|Any CPU
		{E058903F-FBBA-430D-9294-91E94DE8B51B}.Debug|Any CPU.ActiveCfg = Debug|Any CPU
		{E058903F-FBBA-430D-9294-91E94DE8B51B}.Debug|Any CPU.Build.0 = Debug|Any CPU
		{E058903F-FBBA-430D-9294-91E94DE8B51B}.Release|Any CPU.ActiveCfg = Release|Any CPU
		{E058903F-FBBA-430D-9294-91E94DE8B51B}.Release|Any CPU.Build.0 = Release|Any CPU
	EndGlobalSection
	GlobalSection(SolutionProperties) = preSolution
		HideSolutionNode = FALSE
	EndGlobalSection
	GlobalSection(ExtensibilityGlobals) = postSolution
		SolutionGuid = {ED2B12D9-499A-4DB4-BCD1-F53CB9432A95}
	EndGlobalSection
	GlobalSection(NestedProjects) = preSolution
		{3298E22C-974D-460A-9557-78599670C7B7} = {6297D173-E3B1-4948-B8D3-E7346584FCB6}
		{8F20A5AD-FB03-4110-A396-7B3A41A42BDC} = {6297D173-E3B1-4948-B8D3-E7346584FCB6}
		{60952E37-DE0A-4457-B602-779B21D24F16} = {2A129827-5C4E-4B8E-9E41-3A39908692F8}
		{6AE15739-FAD7-4604-884A-39FAB6525E63} = {6297D173-E3B1-4948-B8D3-E7346584FCB6}
		{42AD2438-D8D2-4281-9186-73135A0C4488} = {75014925-E70B-4A96-8F99-E90596F92299}
		{E058903F-FBBA-430D-9294-91E94DE8B51B} = {75014925-E70B-4A96-8F99-E90596F92299}
	EndGlobalSection
EndGlobal
