
Microsoft Visual Studio Solution File, Format Version 12.00
Project("{FAE04EC0-301F-11D3-BF4B-00C04F79EFBC}") = "Newbe.Claptrap", "Newbe.Claptrap\Newbe.Claptrap.csproj", "{C304E22B-D214-4822-B1F6-AFD6E6EDC634}"
EndProject
Project("{FAE04EC0-301F-11D3-BF4B-00C04F79EFBC}") = "Newbe.Claptrap.Core.Abstractions", "Newbe.Claptrap.Core.Abstractions\Newbe.Claptrap.Core.Abstractions.csproj", "{533BD6DB-CEFA-49FF-A194-5CAD63A7B9FA}"
EndProject
Project("{FAE04EC0-301F-11D3-BF4B-00C04F79EFBC}") = "Newbe.Claptrap.Autofac", "Newbe.Claptrap.Autofac\Newbe.Claptrap.Autofac.csproj", "{2356FB2F-65D8-498C-B955-F3A5B567F0E6}"
EndProject
Project("{2150E333-8FDC-42A3-9474-1A3956D46DE8}") = "Demo", "Demo", "{B16E99D1-98B2-4FBF-A5FA-DAB45C1D8CEF}"
EndProject
Project("{2150E333-8FDC-42A3-9474-1A3956D46DE8}") = "EventStore", "EventStore", "{7B825191-3F92-422E-B0B6-96AA5F55AB86}"
EndProject
Project("{2150E333-8FDC-42A3-9474-1A3956D46DE8}") = "StateStore", "StateStore", "{C2E06A5C-2D6B-4BE7-A73F-AFAE8D86BA42}"
EndProject
Project("{2150E333-8FDC-42A3-9474-1A3956D46DE8}") = "EventHub", "EventHub", "{3D92EF1C-2F3F-4726-B57F-F4EDF3A882F9}"
EndProject
Project("{FAE04EC0-301F-11D3-BF4B-00C04F79EFBC}") = "Newbe.Claptrap.Orleans", "Newbe.Claptrap.Orleans\Newbe.Claptrap.Orleans.csproj", "{7F899543-A97A-4406-B7AA-2F48442CFBF5}"
EndProject
Project("{FAE04EC0-301F-11D3-BF4B-00C04F79EFBC}") = "Newbe.Claptrap.Benchmarks", "Newbe.Claptrap.Benchmarks\Newbe.Claptrap.Benchmarks.csproj", "{7067F9F7-0633-43ED-BD69-427F9211C433}"
EndProject
Project("{FAE04EC0-301F-11D3-BF4B-00C04F79EFBC}") = "Newbe.Claptrap.Interface", "Newbe.Claptrap.Interface\Newbe.Claptrap.Interface.csproj", "{E4CBAF95-5067-4E50-B7D2-1F375E4C223B}"
EndProject
Project("{FAE04EC0-301F-11D3-BF4B-00C04F79EFBC}") = "Newbe.Claptrap.Implement", "Newbe.Claptrap.Implement\Newbe.Claptrap.Implement.csproj", "{25086E72-8320-47DC-9D1A-421EA4E22745}"
EndProject
Project("{FAE04EC0-301F-11D3-BF4B-00C04F79EFBC}") = "Newbe.Claptrap.Tests", "Newbe.Claptrap.Tests\Newbe.Claptrap.Tests.csproj", "{C4B16DF2-6321-47EA-A61B-8DCF463B5755}"
EndProject
Project("{2150E333-8FDC-42A3-9474-1A3956D46DE8}") = "Tools", "Tools", "{B22E7AD3-A4C5-4304-8AF7-6D42625E9C0D}"
EndProject
Project("{2150E333-8FDC-42A3-9474-1A3956D46DE8}") = "Tests", "Tests", "{9BD92EE4-32D2-48E6-B999-1DA5C814B696}"
EndProject
Project("{FAE04EC0-301F-11D3-BF4B-00C04F79EFBC}") = "Newbe.Claptrap.Demo", "Newbe.Claptrap.Demo\Newbe.Claptrap.Demo.csproj", "{5C53AAA1-6BD5-4196-A652-E6031E78067A}"
EndProject
Project("{FAE04EC0-301F-11D3-BF4B-00C04F79EFBC}") = "Newbe.Claptrap.Demo.Client", "Newbe.Claptrap.Demo.Client\Newbe.Claptrap.Demo.Client.csproj", "{11BF34E3-0D8D-4F6C-89FF-2FE306987323}"
EndProject
Project("{FAE04EC0-301F-11D3-BF4B-00C04F79EFBC}") = "Newbe.Claptrap.Demo.Interfaces", "Newbe.Claptrap.Demo.Interfaces\Newbe.Claptrap.Demo.Interfaces.csproj", "{0CA4A83E-C693-4EFC-93F0-8CA1325174D7}"
EndProject
Project("{FAE04EC0-301F-11D3-BF4B-00C04F79EFBC}") = "Newbe.Claptrap.Demo.Models", "Newbe.Claptrap.Demo.Models\Newbe.Claptrap.Demo.Models.csproj", "{E569B9B6-8C25-46DE-8079-6B9993C73807}"
EndProject
Project("{FAE04EC0-301F-11D3-BF4B-00C04F79EFBC}") = "Newbe.Claptrap.Demo.Server", "Newbe.Claptrap.Demo.Server\Newbe.Claptrap.Demo.Server.csproj", "{3E66E812-7883-4400-BE8E-A6BE259FD316}"
EndProject
Global
	GlobalSection(SolutionConfigurationPlatforms) = preSolution
		Debug|Any CPU = Debug|Any CPU
		Release|Any CPU = Release|Any CPU
	EndGlobalSection
	GlobalSection(ProjectConfigurationPlatforms) = postSolution
		{C304E22B-D214-4822-B1F6-AFD6E6EDC634}.Debug|Any CPU.ActiveCfg = Debug|Any CPU
		{C304E22B-D214-4822-B1F6-AFD6E6EDC634}.Debug|Any CPU.Build.0 = Debug|Any CPU
		{C304E22B-D214-4822-B1F6-AFD6E6EDC634}.Release|Any CPU.ActiveCfg = Release|Any CPU
		{C304E22B-D214-4822-B1F6-AFD6E6EDC634}.Release|Any CPU.Build.0 = Release|Any CPU
		{533BD6DB-CEFA-49FF-A194-5CAD63A7B9FA}.Debug|Any CPU.ActiveCfg = Debug|Any CPU
		{533BD6DB-CEFA-49FF-A194-5CAD63A7B9FA}.Debug|Any CPU.Build.0 = Debug|Any CPU
		{533BD6DB-CEFA-49FF-A194-5CAD63A7B9FA}.Release|Any CPU.ActiveCfg = Release|Any CPU
		{533BD6DB-CEFA-49FF-A194-5CAD63A7B9FA}.Release|Any CPU.Build.0 = Release|Any CPU
		{2356FB2F-65D8-498C-B955-F3A5B567F0E6}.Debug|Any CPU.ActiveCfg = Debug|Any CPU
		{2356FB2F-65D8-498C-B955-F3A5B567F0E6}.Debug|Any CPU.Build.0 = Debug|Any CPU
		{2356FB2F-65D8-498C-B955-F3A5B567F0E6}.Release|Any CPU.ActiveCfg = Release|Any CPU
		{2356FB2F-65D8-498C-B955-F3A5B567F0E6}.Release|Any CPU.Build.0 = Release|Any CPU
		{7F899543-A97A-4406-B7AA-2F48442CFBF5}.Debug|Any CPU.ActiveCfg = Debug|Any CPU
		{7F899543-A97A-4406-B7AA-2F48442CFBF5}.Debug|Any CPU.Build.0 = Debug|Any CPU
		{7F899543-A97A-4406-B7AA-2F48442CFBF5}.Release|Any CPU.ActiveCfg = Release|Any CPU
		{7F899543-A97A-4406-B7AA-2F48442CFBF5}.Release|Any CPU.Build.0 = Release|Any CPU
		{7067F9F7-0633-43ED-BD69-427F9211C433}.Debug|Any CPU.ActiveCfg = Debug|Any CPU
		{7067F9F7-0633-43ED-BD69-427F9211C433}.Debug|Any CPU.Build.0 = Debug|Any CPU
		{7067F9F7-0633-43ED-BD69-427F9211C433}.Release|Any CPU.ActiveCfg = Release|Any CPU
		{7067F9F7-0633-43ED-BD69-427F9211C433}.Release|Any CPU.Build.0 = Release|Any CPU
		{E4CBAF95-5067-4E50-B7D2-1F375E4C223B}.Debug|Any CPU.ActiveCfg = Debug|Any CPU
		{E4CBAF95-5067-4E50-B7D2-1F375E4C223B}.Debug|Any CPU.Build.0 = Debug|Any CPU
		{E4CBAF95-5067-4E50-B7D2-1F375E4C223B}.Release|Any CPU.ActiveCfg = Release|Any CPU
		{E4CBAF95-5067-4E50-B7D2-1F375E4C223B}.Release|Any CPU.Build.0 = Release|Any CPU
		{25086E72-8320-47DC-9D1A-421EA4E22745}.Debug|Any CPU.ActiveCfg = Debug|Any CPU
		{25086E72-8320-47DC-9D1A-421EA4E22745}.Debug|Any CPU.Build.0 = Debug|Any CPU
		{25086E72-8320-47DC-9D1A-421EA4E22745}.Release|Any CPU.ActiveCfg = Release|Any CPU
		{25086E72-8320-47DC-9D1A-421EA4E22745}.Release|Any CPU.Build.0 = Release|Any CPU
		{C4B16DF2-6321-47EA-A61B-8DCF463B5755}.Debug|Any CPU.ActiveCfg = Debug|Any CPU
		{C4B16DF2-6321-47EA-A61B-8DCF463B5755}.Debug|Any CPU.Build.0 = Debug|Any CPU
		{C4B16DF2-6321-47EA-A61B-8DCF463B5755}.Release|Any CPU.ActiveCfg = Release|Any CPU
		{C4B16DF2-6321-47EA-A61B-8DCF463B5755}.Release|Any CPU.Build.0 = Release|Any CPU
		{5C53AAA1-6BD5-4196-A652-E6031E78067A}.Debug|Any CPU.ActiveCfg = Debug|Any CPU
		{5C53AAA1-6BD5-4196-A652-E6031E78067A}.Debug|Any CPU.Build.0 = Debug|Any CPU
		{5C53AAA1-6BD5-4196-A652-E6031E78067A}.Release|Any CPU.ActiveCfg = Release|Any CPU
		{5C53AAA1-6BD5-4196-A652-E6031E78067A}.Release|Any CPU.Build.0 = Release|Any CPU
		{11BF34E3-0D8D-4F6C-89FF-2FE306987323}.Debug|Any CPU.ActiveCfg = Debug|Any CPU
		{11BF34E3-0D8D-4F6C-89FF-2FE306987323}.Debug|Any CPU.Build.0 = Debug|Any CPU
		{11BF34E3-0D8D-4F6C-89FF-2FE306987323}.Release|Any CPU.ActiveCfg = Release|Any CPU
		{11BF34E3-0D8D-4F6C-89FF-2FE306987323}.Release|Any CPU.Build.0 = Release|Any CPU
		{0CA4A83E-C693-4EFC-93F0-8CA1325174D7}.Debug|Any CPU.ActiveCfg = Debug|Any CPU
		{0CA4A83E-C693-4EFC-93F0-8CA1325174D7}.Debug|Any CPU.Build.0 = Debug|Any CPU
		{0CA4A83E-C693-4EFC-93F0-8CA1325174D7}.Release|Any CPU.ActiveCfg = Release|Any CPU
		{0CA4A83E-C693-4EFC-93F0-8CA1325174D7}.Release|Any CPU.Build.0 = Release|Any CPU
		{E569B9B6-8C25-46DE-8079-6B9993C73807}.Debug|Any CPU.ActiveCfg = Debug|Any CPU
		{E569B9B6-8C25-46DE-8079-6B9993C73807}.Debug|Any CPU.Build.0 = Debug|Any CPU
		{E569B9B6-8C25-46DE-8079-6B9993C73807}.Release|Any CPU.ActiveCfg = Release|Any CPU
		{E569B9B6-8C25-46DE-8079-6B9993C73807}.Release|Any CPU.Build.0 = Release|Any CPU
		{3E66E812-7883-4400-BE8E-A6BE259FD316}.Debug|Any CPU.ActiveCfg = Debug|Any CPU
		{3E66E812-7883-4400-BE8E-A6BE259FD316}.Debug|Any CPU.Build.0 = Debug|Any CPU
		{3E66E812-7883-4400-BE8E-A6BE259FD316}.Release|Any CPU.ActiveCfg = Release|Any CPU
		{3E66E812-7883-4400-BE8E-A6BE259FD316}.Release|Any CPU.Build.0 = Release|Any CPU
	EndGlobalSection
	GlobalSection(NestedProjects) = preSolution
		{7067F9F7-0633-43ED-BD69-427F9211C433} = {B22E7AD3-A4C5-4304-8AF7-6D42625E9C0D}
		{C4B16DF2-6321-47EA-A61B-8DCF463B5755} = {9BD92EE4-32D2-48E6-B999-1DA5C814B696}
		{5C53AAA1-6BD5-4196-A652-E6031E78067A} = {B16E99D1-98B2-4FBF-A5FA-DAB45C1D8CEF}
		{11BF34E3-0D8D-4F6C-89FF-2FE306987323} = {B16E99D1-98B2-4FBF-A5FA-DAB45C1D8CEF}
		{0CA4A83E-C693-4EFC-93F0-8CA1325174D7} = {B16E99D1-98B2-4FBF-A5FA-DAB45C1D8CEF}
		{E569B9B6-8C25-46DE-8079-6B9993C73807} = {B16E99D1-98B2-4FBF-A5FA-DAB45C1D8CEF}
		{3E66E812-7883-4400-BE8E-A6BE259FD316} = {B16E99D1-98B2-4FBF-A5FA-DAB45C1D8CEF}
	EndGlobalSection
EndGlobal
