
Microsoft Visual Studio Solution File, Format Version 12.00
Project("{2150E333-8FDC-42A3-9474-1A3956D46DE8}") = "91_Demo", "91_Demo", "{B16E99D1-98B2-4FBF-A5FA-DAB45C1D8CEF}"
EndProject
Project("{FAE04EC0-301F-11D3-BF4B-00C04F79EFBC}") = "Newbe.Claptrap.Benchmarks", "Newbe.Claptrap.Benchmarks\Newbe.Claptrap.Benchmarks.csproj", "{7067F9F7-0633-43ED-BD69-427F9211C433}"
EndProject
Project("{FAE04EC0-301F-11D3-BF4B-00C04F79EFBC}") = "Newbe.Claptrap.Tests", "Newbe.Claptrap.Tests\Newbe.Claptrap.Tests.csproj", "{C4B16DF2-6321-47EA-A61B-8DCF463B5755}"
EndProject
Project("{2150E333-8FDC-42A3-9474-1A3956D46DE8}") = "80_Tools", "80_Tools", "{B22E7AD3-A4C5-4304-8AF7-6D42625E9C0D}"
EndProject
Project("{2150E333-8FDC-42A3-9474-1A3956D46DE8}") = "20_Tests", "20_Tests", "{9BD92EE4-32D2-48E6-B999-1DA5C814B696}"
EndProject
Project("{FAE04EC0-301F-11D3-BF4B-00C04F79EFBC}") = "Newbe.Claptrap.Demo", "Newbe.Claptrap.Demo\Newbe.Claptrap.Demo.csproj", "{5C53AAA1-6BD5-4196-A652-E6031E78067A}"
EndProject
Project("{FAE04EC0-301F-11D3-BF4B-00C04F79EFBC}") = "Newbe.Claptrap.Demo.Client", "Newbe.Claptrap.Demo.Client\Newbe.Claptrap.Demo.Client.csproj", "{11BF34E3-0D8D-4F6C-89FF-2FE306987323}"
EndProject
Project("{FAE04EC0-301F-11D3-BF4B-00C04F79EFBC}") = "Newbe.Claptrap.Demo.Interfaces", "Newbe.Claptrap.Demo.Interfaces\Newbe.Claptrap.Demo.Interfaces.csproj", "{0CA4A83E-C693-4EFC-93F0-8CA1325174D7}"
EndProject
Project("{FAE04EC0-301F-11D3-BF4B-00C04F79EFBC}") = "Newbe.Claptrap.Demo.Models", "Newbe.Claptrap.Demo.Models\Newbe.Claptrap.Demo.Models.csproj", "{E569B9B6-8C25-46DE-8079-6B9993C73807}"
EndProject
Project("{FAE04EC0-301F-11D3-BF4B-00C04F79EFBC}") = "Newbe.Claptrap.Demo.Server", "Newbe.Claptrap.Demo.Server\Newbe.Claptrap.Demo.Server.csproj", "{3E66E812-7883-4400-BE8E-A6BE259FD316}"
EndProject
Project("{FAE04EC0-301F-11D3-BF4B-00C04F79EFBC}") = "Newbe.Claptrap.DevTools", "Newbe.Claptrap.DevTools\Newbe.Claptrap.DevTools.csproj", "{8A266924-4ABA-4650-942E-FEF3AB8FF249}"
EndProject
Project("{2150E333-8FDC-42A3-9474-1A3956D46DE8}") = "06_EventNotifier", "06_EventNotifier", "{1D69419C-3123-43D1-9E1F-C7892E260B06}"
EndProject
Project("{2150E333-8FDC-42A3-9474-1A3956D46DE8}") = "05_ClaptrapBox", "05_ClaptrapBox", "{397E9ECF-01CE-4B2A-97EF-07A47AE561C2}"
EndProject
Project("{2150E333-8FDC-42A3-9474-1A3956D46DE8}") = "00_Core", "00_Core", "{B026ED50-528D-4180-9D54-1113588EEE9C}"
EndProject
Project("{2150E333-8FDC-42A3-9474-1A3956D46DE8}") = "01_StorageProvider", "01_StorageProvider", "{7D0B4BE1-2973-4555-A87E-5C54634C1B31}"
EndProject
Project("{2150E333-8FDC-42A3-9474-1A3956D46DE8}") = "03_Localization", "03_Localization", "{CE06DAE1-853B-492F-8EB1-1896911A41F8}"
EndProject
Project("{FAE04EC0-301F-11D3-BF4B-00C04F79EFBC}") = "Newbe.Claptrap.Abstractions", "Newbe.Claptrap.Abstractions\Newbe.Claptrap.Abstractions.csproj", "{D44D5552-ACFE-403A-9B2A-58203CAE311F}"
EndProject
Project("{FAE04EC0-301F-11D3-BF4B-00C04F79EFBC}") = "Newbe.Claptrap", "Newbe.Claptrap\Newbe.Claptrap.csproj", "{06B916AC-13C6-41D0-AFAC-3ECC3F668939}"
EndProject
Project("{FAE04EC0-301F-11D3-BF4B-00C04F79EFBC}") = "Newbe.Claptrap.Attributes", "Newbe.Claptrap.Attributes\Newbe.Claptrap.Attributes.csproj", "{6FB7E932-0EC6-4290-8A52-8E83BB9C27DE}"
EndProject
Project("{FAE04EC0-301F-11D3-BF4B-00C04F79EFBC}") = "Newbe.Claptrap.Localization", "Newbe.Claptrap.Localization\Newbe.Claptrap.Localization.csproj", "{B3D7ADFF-8B6A-41C6-A339-39F1C109E743}"
EndProject
Project("{FAE04EC0-301F-11D3-BF4B-00C04F79EFBC}") = "Newbe.Claptrap.Orleans", "Newbe.Claptrap.Orleans\Newbe.Claptrap.Orleans.csproj", "{DBE780E3-BE8D-4159-A1A3-356BA0E0A653}"
EndProject
Project("{FAE04EC0-301F-11D3-BF4B-00C04F79EFBC}") = "Newbe.Claptrap.StorageProvider.SQLite", "Newbe.Claptrap.StorageProvider.SQLite\Newbe.Claptrap.StorageProvider.SQLite.csproj", "{122FCC59-A324-488F-9F9D-B48C3531B521}"
EndProject
Project("{2150E333-8FDC-42A3-9474-1A3956D46DE8}") = "02_StateHolder", "02_StateHolder", "{612386B9-66C4-4721-BD6B-2E3459ADF123}"
EndProject
Project("{FAE04EC0-301F-11D3-BF4B-00C04F79EFBC}") = "Newbe.Claptrap.StateHolder.DeepCopy", "Newbe.Claptrap.StateHolder.DeepCopy\Newbe.Claptrap.StateHolder.DeepCopy.csproj", "{B86FF4F4-D9C0-4FD2-9B18-BA8ED00E169D}"
EndProject
Project("{2150E333-8FDC-42A3-9474-1A3956D46DE8}") = "04_DataSerializer", "04_DataSerializer", "{D3A78049-C52A-46EF-A788-3466C4DBEE22}"
EndProject
Project("{FAE04EC0-301F-11D3-BF4B-00C04F79EFBC}") = "Newbe.Claptrap.DataSerializer.Json", "Newbe.Claptrap.DataSerializer.Json\Newbe.Claptrap.DataSerializer.Json.csproj", "{12067EB6-46EE-43D6-BD59-39D566AFD70F}"
EndProject
Global
	GlobalSection(SolutionConfigurationPlatforms) = preSolution
		Debug|Any CPU = Debug|Any CPU
		Release|Any CPU = Release|Any CPU
	EndGlobalSection
	GlobalSection(ProjectConfigurationPlatforms) = postSolution
		{7067F9F7-0633-43ED-BD69-427F9211C433}.Debug|Any CPU.ActiveCfg = Debug|Any CPU
		{7067F9F7-0633-43ED-BD69-427F9211C433}.Debug|Any CPU.Build.0 = Debug|Any CPU
		{7067F9F7-0633-43ED-BD69-427F9211C433}.Release|Any CPU.ActiveCfg = Release|Any CPU
		{7067F9F7-0633-43ED-BD69-427F9211C433}.Release|Any CPU.Build.0 = Release|Any CPU
		{C4B16DF2-6321-47EA-A61B-8DCF463B5755}.Debug|Any CPU.ActiveCfg = Debug|Any CPU
		{C4B16DF2-6321-47EA-A61B-8DCF463B5755}.Debug|Any CPU.Build.0 = Debug|Any CPU
		{C4B16DF2-6321-47EA-A61B-8DCF463B5755}.Release|Any CPU.ActiveCfg = Release|Any CPU
		{C4B16DF2-6321-47EA-A61B-8DCF463B5755}.Release|Any CPU.Build.0 = Release|Any CPU
		{5C53AAA1-6BD5-4196-A652-E6031E78067A}.Debug|Any CPU.ActiveCfg = Debug|Any CPU
		{5C53AAA1-6BD5-4196-A652-E6031E78067A}.Debug|Any CPU.Build.0 = Debug|Any CPU
		{5C53AAA1-6BD5-4196-A652-E6031E78067A}.Release|Any CPU.ActiveCfg = Release|Any CPU
		{5C53AAA1-6BD5-4196-A652-E6031E78067A}.Release|Any CPU.Build.0 = Release|Any CPU
		{11BF34E3-0D8D-4F6C-89FF-2FE306987323}.Debug|Any CPU.ActiveCfg = Debug|Any CPU
		{11BF34E3-0D8D-4F6C-89FF-2FE306987323}.Debug|Any CPU.Build.0 = Debug|Any CPU
		{11BF34E3-0D8D-4F6C-89FF-2FE306987323}.Release|Any CPU.ActiveCfg = Release|Any CPU
		{11BF34E3-0D8D-4F6C-89FF-2FE306987323}.Release|Any CPU.Build.0 = Release|Any CPU
		{0CA4A83E-C693-4EFC-93F0-8CA1325174D7}.Debug|Any CPU.ActiveCfg = Debug|Any CPU
		{0CA4A83E-C693-4EFC-93F0-8CA1325174D7}.Debug|Any CPU.Build.0 = Debug|Any CPU
		{0CA4A83E-C693-4EFC-93F0-8CA1325174D7}.Release|Any CPU.ActiveCfg = Release|Any CPU
		{0CA4A83E-C693-4EFC-93F0-8CA1325174D7}.Release|Any CPU.Build.0 = Release|Any CPU
		{E569B9B6-8C25-46DE-8079-6B9993C73807}.Debug|Any CPU.ActiveCfg = Debug|Any CPU
		{E569B9B6-8C25-46DE-8079-6B9993C73807}.Debug|Any CPU.Build.0 = Debug|Any CPU
		{E569B9B6-8C25-46DE-8079-6B9993C73807}.Release|Any CPU.ActiveCfg = Release|Any CPU
		{E569B9B6-8C25-46DE-8079-6B9993C73807}.Release|Any CPU.Build.0 = Release|Any CPU
		{3E66E812-7883-4400-BE8E-A6BE259FD316}.Debug|Any CPU.ActiveCfg = Debug|Any CPU
		{3E66E812-7883-4400-BE8E-A6BE259FD316}.Debug|Any CPU.Build.0 = Debug|Any CPU
		{3E66E812-7883-4400-BE8E-A6BE259FD316}.Release|Any CPU.ActiveCfg = Release|Any CPU
		{3E66E812-7883-4400-BE8E-A6BE259FD316}.Release|Any CPU.Build.0 = Release|Any CPU
		{8A266924-4ABA-4650-942E-FEF3AB8FF249}.Debug|Any CPU.ActiveCfg = Debug|Any CPU
		{8A266924-4ABA-4650-942E-FEF3AB8FF249}.Debug|Any CPU.Build.0 = Debug|Any CPU
		{8A266924-4ABA-4650-942E-FEF3AB8FF249}.Release|Any CPU.ActiveCfg = Release|Any CPU
		{8A266924-4ABA-4650-942E-FEF3AB8FF249}.Release|Any CPU.Build.0 = Release|Any CPU
		{D44D5552-ACFE-403A-9B2A-58203CAE311F}.Debug|Any CPU.ActiveCfg = Debug|Any CPU
		{D44D5552-ACFE-403A-9B2A-58203CAE311F}.Debug|Any CPU.Build.0 = Debug|Any CPU
		{D44D5552-ACFE-403A-9B2A-58203CAE311F}.Release|Any CPU.ActiveCfg = Release|Any CPU
		{D44D5552-ACFE-403A-9B2A-58203CAE311F}.Release|Any CPU.Build.0 = Release|Any CPU
		{06B916AC-13C6-41D0-AFAC-3ECC3F668939}.Debug|Any CPU.ActiveCfg = Debug|Any CPU
		{06B916AC-13C6-41D0-AFAC-3ECC3F668939}.Debug|Any CPU.Build.0 = Debug|Any CPU
		{06B916AC-13C6-41D0-AFAC-3ECC3F668939}.Release|Any CPU.ActiveCfg = Release|Any CPU
		{06B916AC-13C6-41D0-AFAC-3ECC3F668939}.Release|Any CPU.Build.0 = Release|Any CPU
		{6FB7E932-0EC6-4290-8A52-8E83BB9C27DE}.Debug|Any CPU.ActiveCfg = Debug|Any CPU
		{6FB7E932-0EC6-4290-8A52-8E83BB9C27DE}.Debug|Any CPU.Build.0 = Debug|Any CPU
		{6FB7E932-0EC6-4290-8A52-8E83BB9C27DE}.Release|Any CPU.ActiveCfg = Release|Any CPU
		{6FB7E932-0EC6-4290-8A52-8E83BB9C27DE}.Release|Any CPU.Build.0 = Release|Any CPU
		{B3D7ADFF-8B6A-41C6-A339-39F1C109E743}.Debug|Any CPU.ActiveCfg = Debug|Any CPU
		{B3D7ADFF-8B6A-41C6-A339-39F1C109E743}.Debug|Any CPU.Build.0 = Debug|Any CPU
		{B3D7ADFF-8B6A-41C6-A339-39F1C109E743}.Release|Any CPU.ActiveCfg = Release|Any CPU
		{B3D7ADFF-8B6A-41C6-A339-39F1C109E743}.Release|Any CPU.Build.0 = Release|Any CPU
		{DBE780E3-BE8D-4159-A1A3-356BA0E0A653}.Debug|Any CPU.ActiveCfg = Debug|Any CPU
		{DBE780E3-BE8D-4159-A1A3-356BA0E0A653}.Debug|Any CPU.Build.0 = Debug|Any CPU
		{DBE780E3-BE8D-4159-A1A3-356BA0E0A653}.Release|Any CPU.ActiveCfg = Release|Any CPU
		{DBE780E3-BE8D-4159-A1A3-356BA0E0A653}.Release|Any CPU.Build.0 = Release|Any CPU
		{122FCC59-A324-488F-9F9D-B48C3531B521}.Debug|Any CPU.ActiveCfg = Debug|Any CPU
		{122FCC59-A324-488F-9F9D-B48C3531B521}.Debug|Any CPU.Build.0 = Debug|Any CPU
		{122FCC59-A324-488F-9F9D-B48C3531B521}.Release|Any CPU.ActiveCfg = Release|Any CPU
		{122FCC59-A324-488F-9F9D-B48C3531B521}.Release|Any CPU.Build.0 = Release|Any CPU
		{B86FF4F4-D9C0-4FD2-9B18-BA8ED00E169D}.Debug|Any CPU.ActiveCfg = Debug|Any CPU
		{B86FF4F4-D9C0-4FD2-9B18-BA8ED00E169D}.Debug|Any CPU.Build.0 = Debug|Any CPU
		{B86FF4F4-D9C0-4FD2-9B18-BA8ED00E169D}.Release|Any CPU.ActiveCfg = Release|Any CPU
		{B86FF4F4-D9C0-4FD2-9B18-BA8ED00E169D}.Release|Any CPU.Build.0 = Release|Any CPU
		{12067EB6-46EE-43D6-BD59-39D566AFD70F}.Debug|Any CPU.ActiveCfg = Debug|Any CPU
		{12067EB6-46EE-43D6-BD59-39D566AFD70F}.Debug|Any CPU.Build.0 = Debug|Any CPU
		{12067EB6-46EE-43D6-BD59-39D566AFD70F}.Release|Any CPU.ActiveCfg = Release|Any CPU
		{12067EB6-46EE-43D6-BD59-39D566AFD70F}.Release|Any CPU.Build.0 = Release|Any CPU
	EndGlobalSection
	GlobalSection(NestedProjects) = preSolution
		{7067F9F7-0633-43ED-BD69-427F9211C433} = {B22E7AD3-A4C5-4304-8AF7-6D42625E9C0D}
		{C4B16DF2-6321-47EA-A61B-8DCF463B5755} = {9BD92EE4-32D2-48E6-B999-1DA5C814B696}
		{5C53AAA1-6BD5-4196-A652-E6031E78067A} = {B16E99D1-98B2-4FBF-A5FA-DAB45C1D8CEF}
		{11BF34E3-0D8D-4F6C-89FF-2FE306987323} = {B16E99D1-98B2-4FBF-A5FA-DAB45C1D8CEF}
		{0CA4A83E-C693-4EFC-93F0-8CA1325174D7} = {B16E99D1-98B2-4FBF-A5FA-DAB45C1D8CEF}
		{E569B9B6-8C25-46DE-8079-6B9993C73807} = {B16E99D1-98B2-4FBF-A5FA-DAB45C1D8CEF}
		{3E66E812-7883-4400-BE8E-A6BE259FD316} = {B16E99D1-98B2-4FBF-A5FA-DAB45C1D8CEF}
		{8A266924-4ABA-4650-942E-FEF3AB8FF249} = {B22E7AD3-A4C5-4304-8AF7-6D42625E9C0D}
		{D44D5552-ACFE-403A-9B2A-58203CAE311F} = {B026ED50-528D-4180-9D54-1113588EEE9C}
		{06B916AC-13C6-41D0-AFAC-3ECC3F668939} = {B026ED50-528D-4180-9D54-1113588EEE9C}
		{6FB7E932-0EC6-4290-8A52-8E83BB9C27DE} = {B026ED50-528D-4180-9D54-1113588EEE9C}
		{B3D7ADFF-8B6A-41C6-A339-39F1C109E743} = {CE06DAE1-853B-492F-8EB1-1896911A41F8}
		{DBE780E3-BE8D-4159-A1A3-356BA0E0A653} = {397E9ECF-01CE-4B2A-97EF-07A47AE561C2}
		{122FCC59-A324-488F-9F9D-B48C3531B521} = {7D0B4BE1-2973-4555-A87E-5C54634C1B31}
		{B86FF4F4-D9C0-4FD2-9B18-BA8ED00E169D} = {612386B9-66C4-4721-BD6B-2E3459ADF123}
		{12067EB6-46EE-43D6-BD59-39D566AFD70F} = {D3A78049-C52A-46EF-A788-3466C4DBEE22}
	EndGlobalSection
EndGlobal
